
Microsoft Visual Studio Solution File, Format Version 12.00
# Visual Studio Version 16
VisualStudioVersion = 16.0.32510.428
MinimumVisualStudioVersion = 10.0.40219.1
Project("{9A19103F-16F7-4668-BE54-9A1E7A4F7556}") = "Biblioteca", "Biblioteca\Biblioteca.csproj", "{81BD34BC-BEFF-4E30-87F3-2463AB4C26C0}"
EndProject
Global
	GlobalSection(SolutionConfigurationPlatforms) = preSolution
		Debug|Any CPU = Debug|Any CPU
		Release|Any CPU = Release|Any CPU
	EndGlobalSection
	GlobalSection(ProjectConfigurationPlatforms) = postSolution
		{81BD34BC-BEFF-4E30-87F3-2463AB4C26C0}.Debug|Any CPU.ActiveCfg = Debug|Any CPU
		{81BD34BC-BEFF-4E30-87F3-2463AB4C26C0}.Debug|Any CPU.Build.0 = Debug|Any CPU
		{81BD34BC-BEFF-4E30-87F3-2463AB4C26C0}.Release|Any CPU.ActiveCfg = Release|Any CPU
		{81BD34BC-BEFF-4E30-87F3-2463AB4C26C0}.Release|Any CPU.Build.0 = Release|Any CPU
	EndGlobalSection
	GlobalSection(SolutionProperties) = preSolution
		HideSolutionNode = FALSE
	EndGlobalSection
	GlobalSection(ExtensibilityGlobals) = postSolution
		SolutionGuid = {77459E17-9F45-4DF1-97FA-199D1706DF83}
	EndGlobalSection
EndGlobal
